<?xml version="1.0" encoding="utf-8"?>
<Project ToolsVersion="4.0" xmlns="http://schemas.microsoft.com/developer/msbuild/2003">
  <ItemGroup>
    <Filter Include="Library">
      <UniqueIdentifier>{6414ac82-e166-4c50-bcf3-2214a3ec08a9}</UniqueIdentifier>
    </Filter>
    <Filter Include="ヘッダー ファイル">
      <UniqueIdentifier>{5333fc69-e83e-420a-9764-a11590303071}</UniqueIdentifier>
    </Filter>
    <Filter Include="ソース ファイル">
      <UniqueIdentifier>{29e83b2d-d835-4641-a1a8-22f4f3a3ed79}</UniqueIdentifier>
    </Filter>
    <Filter Include="リソース ファイル">
      <UniqueIdentifier>{4e7933b6-87db-4420-8c49-8657ef9757f1}</UniqueIdentifier>
    </Filter>
    <Filter Include="ソース ファイル\Work">
      <UniqueIdentifier>{ce8812a1-add0-4234-a284-e36e1a7bc2b7}</UniqueIdentifier>
    </Filter>
    <Filter Include="ソース ファイル\Game">
      <UniqueIdentifier>{00af0508-3c4f-48b2-874b-bb36f0fd4d61}</UniqueIdentifier>
    </Filter>
    <Filter Include="ソース ファイル\Scene">
      <UniqueIdentifier>{9592cde3-5d10-4aa8-9224-8f6cbbbb458e}</UniqueIdentifier>
    </Filter>
    <Filter Include="ソース ファイル\Game\UI">
      <UniqueIdentifier>{16e08631-8abf-4b8f-aded-23b883e77836}</UniqueIdentifier>
    </Filter>
    <Filter Include="ソース ファイル\Title">
      <UniqueIdentifier>{3358a49e-d8dd-48c1-a1e2-81346dcbc642}</UniqueIdentifier>
    </Filter>
    <Filter Include="ソース ファイル\Result">
      <UniqueIdentifier>{98f21a7e-a410-40d5-be89-9cf78a140aa9}</UniqueIdentifier>
    </Filter>
  </ItemGroup>
  <ItemGroup>
    <ClCompile Include="Library\Camera.cpp">
      <Filter>Library</Filter>
    </ClCompile>
    <ClCompile Include="Library\Common.cpp">
      <Filter>Library</Filter>
    </ClCompile>
    <ClCompile Include="Library\Counter.cpp">
      <Filter>Library</Filter>
    </ClCompile>
    <ClCompile Include="Library\DebugProcess.cpp">
      <Filter>Library</Filter>
    </ClCompile>
    <ClCompile Include="Library\Direct3D.cpp">
      <Filter>Library</Filter>
    </ClCompile>
    <ClCompile Include="Library\Fade.cpp">
      <Filter>Library</Filter>
    </ClCompile>
    <ClCompile Include="Library\FPSManager.cpp">
      <Filter>Library</Filter>
    </ClCompile>
    <ClCompile Include="Library\Input.cpp">
      <Filter>Library</Filter>
    </ClCompile>
    <ClCompile Include="Library\Light.cpp">
      <Filter>Library</Filter>
    </ClCompile>
    <ClCompile Include="Library\Loading.cpp">
      <Filter>Library</Filter>
    </ClCompile>
    <ClCompile Include="Library\Matrix.cpp">
      <Filter>Library</Filter>
    </ClCompile>
    <ClCompile Include="Library\ObjectBase2D.cpp">
      <Filter>Library</Filter>
    </ClCompile>
    <ClCompile Include="Library\ObjectBase3D.cpp">
      <Filter>Library</Filter>
    </ClCompile>
    <ClCompile Include="Library\Polygon.cpp">
      <Filter>Library</Filter>
    </ClCompile>
    <ClCompile Include="Library\Sound.cpp">
      <Filter>Library</Filter>
    </ClCompile>
    <ClCompile Include="Library\Texture.cpp">
      <Filter>Library</Filter>
    </ClCompile>
    <ClCompile Include="Library\TsuLibSystem.cpp">
      <Filter>Library</Filter>
    </ClCompile>
    <ClCompile Include="Library\Vector.cpp">
      <Filter>Library</Filter>
    </ClCompile>
    <ClCompile Include="Library\WindowClass.cpp">
      <Filter>Library</Filter>
    </ClCompile>
    <ClCompile Include="workHagiwara.cpp">
      <Filter>ソース ファイル\Work</Filter>
    </ClCompile>
    <ClCompile Include="workKimura.cpp">
      <Filter>ソース ファイル\Work</Filter>
    </ClCompile>
    <ClCompile Include="workSato.cpp">
      <Filter>ソース ファイル\Work</Filter>
    </ClCompile>
    <ClCompile Include="workSon.cpp">
      <Filter>ソース ファイル\Work</Filter>
    </ClCompile>
    <ClCompile Include="workTsu.cpp">
      <Filter>ソース ファイル\Work</Filter>
    </ClCompile>
    <ClCompile Include="workUtsugi.cpp">
      <Filter>ソース ファイル\Work</Filter>
    </ClCompile>
    <ClCompile Include="workYamaguchi.cpp">
      <Filter>ソース ファイル\Work</Filter>
    </ClCompile>
    <ClCompile Include="workYamamoto.cpp">
      <Filter>ソース ファイル\Work</Filter>
    </ClCompile>
    <ClCompile Include="HitCheck.cpp">
      <Filter>ソース ファイル</Filter>
    </ClCompile>
    <ClCompile Include="Main.cpp">
      <Filter>ソース ファイル</Filter>
    </ClCompile>
    <ClCompile Include="SceneManager.cpp">
      <Filter>ソース ファイル</Filter>
    </ClCompile>
    <ClCompile Include="enemy.cpp">
      <Filter>ソース ファイル\Game</Filter>
    </ClCompile>
    <ClCompile Include="field.cpp">
      <Filter>ソース ファイル\Game</Filter>
    </ClCompile>
    <ClCompile Include="ranking.cpp">
      <Filter>ソース ファイル\Game</Filter>
    </ClCompile>
    <ClCompile Include="Result.cpp">
      <Filter>ソース ファイル\Scene</Filter>
    </ClCompile>
    <ClCompile Include="Title.cpp">
      <Filter>ソース ファイル\Scene</Filter>
    </ClCompile>
    <ClCompile Include="voiceten.cpp">
      <Filter>ソース ファイル\Game</Filter>
    </ClCompile>
    <ClCompile Include="voicetenTest.cpp">
      <Filter>ソース ファイル\Game</Filter>
    </ClCompile>
    <ClCompile Include="timer.cpp">
      <Filter>ソース ファイル\Game\UI</Filter>
    </ClCompile>
    <ClCompile Include="titlelogo.cpp">
      <Filter>ソース ファイル\Title</Filter>
    </ClCompile>
    <ClCompile Include="score.cpp">
      <Filter>ソース ファイル\Game\UI</Filter>
    </ClCompile>
    <ClCompile Include="UIBonus.cpp">
      <Filter>ソース ファイル\Game\UI</Filter>
    </ClCompile>
    <ClCompile Include="name.cpp">
      <Filter>ソース ファイル\Result</Filter>
    </ClCompile>
    <ClCompile Include="messageBox.cpp">
      <Filter>ソース ファイル</Filter>
    </ClCompile>
    <ClCompile Include="score.cpp">
      <Filter>ソース ファイル\Game\UI</Filter>
    </ClCompile>
    <ClCompile Include="UIBonus.cpp">
      <Filter>ソース ファイル\Game\UI</Filter>
    </ClCompile>
    <ClCompile Include="Game.cpp">
      <Filter>ソース ファイル\Scene</Filter>
    </ClCompile>
    <ClCompile Include="voicetank.cpp">
      <Filter>ソース ファイル\Game\UI</Filter>
    </ClCompile>
    <ClCompile Include="AimPointer.cpp">
      <Filter>ソース ファイル\Game\UI</Filter>
    </ClCompile>
    <ClCompile Include="MicTest.cpp">
      <Filter>ソース ファイル\Game</Filter>
    </ClCompile>
    <ClCompile Include="GamePause.cpp">
      <Filter>ソース ファイル\Game</Filter>
    </ClCompile>
    <ClCompile Include="enemyRE.cpp">
      <Filter>ソース ファイル\Game</Filter>
    </ClCompile>
    <ClCompile Include="Resultlogo.cpp">
      <Filter>ソース ファイル\Result</Filter>
    </ClCompile>
    <ClCompile Include="saveranking.cpp">
      <Filter>ソース ファイル\Result</Filter>
    </ClCompile>
    <ClCompile Include="StageManager.cpp">
      <Filter>ソース ファイル\Game</Filter>
    </ClCompile>
    <ClCompile Include="Library\MultiRendering.cpp">
      <Filter>Library</Filter>
    </ClCompile>
    <ClCompile Include="startcount.cpp">
      <Filter>ソース ファイル\Game\UI</Filter>
    </ClCompile>
    <ClCompile Include="finishcount.cpp">
      <Filter>ソース ファイル\Game\UI</Filter>
    </ClCompile>
    <ClCompile Include="VLauncher.cpp">
      <Filter>ソース ファイル\Game</Filter>
    </ClCompile>
    <ClCompile Include="FadeCurtain.cpp">
      <Filter>ソース ファイル\Game</Filter>
    </ClCompile>
    <ClCompile Include="GameSound.cpp">
      <Filter>ソース ファイル</Filter>
    </ClCompile>
    <ClCompile Include="S-Editor.cpp">
      <Filter>ソース ファイル</Filter>
    </ClCompile>
    <ClCompile Include="Library\Particle.cpp">
      <Filter>Library</Filter>
    </ClCompile>
    <ClCompile Include="UIEnergyTank.cpp">
      <Filter>ソース ファイル\Game\UI</Filter>
    </ClCompile>
  </ItemGroup>
  <ItemGroup>
    <ClInclude Include="Library\Camera.h">
      <Filter>Library</Filter>
    </ClInclude>
    <ClInclude Include="Library\Color.h">
      <Filter>Library</Filter>
    </ClInclude>
    <ClInclude Include="Library\Common.h">
      <Filter>Library</Filter>
    </ClInclude>
    <ClInclude Include="Library\Counter.h">
      <Filter>Library</Filter>
    </ClInclude>
    <ClInclude Include="Library\DebugProcess.h">
      <Filter>Library</Filter>
    </ClInclude>
    <ClInclude Include="Library\Direct3D.h">
      <Filter>Library</Filter>
    </ClInclude>
    <ClInclude Include="Library\Fade.h">
      <Filter>Library</Filter>
    </ClInclude>
    <ClInclude Include="Library\FPSManager.h">
      <Filter>Library</Filter>
    </ClInclude>
    <ClInclude Include="Library\Input.h">
      <Filter>Library</Filter>
    </ClInclude>
    <ClInclude Include="Library\Light.h">
      <Filter>Library</Filter>
    </ClInclude>
    <ClInclude Include="Library\Loading.h">
      <Filter>Library</Filter>
    </ClInclude>
    <ClInclude Include="Library\Math.h">
      <Filter>Library</Filter>
    </ClInclude>
    <ClInclude Include="Library\Matrix.h">
      <Filter>Library</Filter>
    </ClInclude>
    <ClInclude Include="Library\ObjectBase2D.h">
      <Filter>Library</Filter>
    </ClInclude>
    <ClInclude Include="Library\ObjectBase3D.h">
      <Filter>Library</Filter>
    </ClInclude>
    <ClInclude Include="Library\Polygon.h">
      <Filter>Library</Filter>
    </ClInclude>
    <ClInclude Include="Library\Sound.h">
      <Filter>Library</Filter>
    </ClInclude>
    <ClInclude Include="Library\Texture.h">
      <Filter>Library</Filter>
    </ClInclude>
    <ClInclude Include="Library\TsuLibSystem.h">
      <Filter>Library</Filter>
    </ClInclude>
    <ClInclude Include="Library\Vector.h">
      <Filter>Library</Filter>
    </ClInclude>
    <ClInclude Include="Library\WindowClass.h">
      <Filter>Library</Filter>
    </ClInclude>
    <ClInclude Include="workHagiwara.h">
      <Filter>ソース ファイル\Work</Filter>
    </ClInclude>
    <ClInclude Include="workKimura.h">
      <Filter>ソース ファイル\Work</Filter>
    </ClInclude>
    <ClInclude Include="workSato.h">
      <Filter>ソース ファイル\Work</Filter>
    </ClInclude>
    <ClInclude Include="workSon.h">
      <Filter>ソース ファイル\Work</Filter>
    </ClInclude>
    <ClInclude Include="workTsu.h">
      <Filter>ソース ファイル\Work</Filter>
    </ClInclude>
    <ClInclude Include="workUtsugi.h">
      <Filter>ソース ファイル\Work</Filter>
    </ClInclude>
    <ClInclude Include="workYamaguchi.h">
      <Filter>ソース ファイル\Work</Filter>
    </ClInclude>
    <ClInclude Include="workYamamoto.h">
      <Filter>ソース ファイル\Work</Filter>
    </ClInclude>
    <ClInclude Include="HitCheck.h">
      <Filter>ソース ファイル</Filter>
    </ClInclude>
    <ClInclude Include="SceneManager.h">
      <Filter>ソース ファイル</Filter>
    </ClInclude>
    <ClInclude Include="enemy.h">
      <Filter>ソース ファイル\Game</Filter>
    </ClInclude>
    <ClInclude Include="field.h">
      <Filter>ソース ファイル\Game</Filter>
    </ClInclude>
    <ClInclude Include="ranking.h">
      <Filter>ソース ファイル\Game</Filter>
    </ClInclude>
    <ClInclude Include="Result.h">
      <Filter>ソース ファイル\Scene</Filter>
    </ClInclude>
    <ClInclude Include="Title.h">
      <Filter>ソース ファイル\Scene</Filter>
    </ClInclude>
    <ClInclude Include="voiceten.h">
      <Filter>ソース ファイル\Game</Filter>
    </ClInclude>
    <ClInclude Include="voicetenTest.h">
      <Filter>ソース ファイル\Game</Filter>
    </ClInclude>
    <ClInclude Include="resource.h">
      <Filter>ヘッダー ファイル</Filter>
    </ClInclude>
    <ClInclude Include="timer.h">
      <Filter>ソース ファイル\Game\UI</Filter>
    </ClInclude>
    <ClInclude Include="titlelogo.h">
      <Filter>ソース ファイル\Title</Filter>
    </ClInclude>
    <ClInclude Include="score.h">
      <Filter>ソース ファイル\Game\UI</Filter>
    </ClInclude>
    <ClInclude Include="UIBonus.h">
      <Filter>ソース ファイル\Game\UI</Filter>
    </ClInclude>
    <ClInclude Include="name.h">
      <Filter>ソース ファイル\Result</Filter>
    </ClInclude>
    <ClInclude Include="messageBox.h">
      <Filter>ソース ファイル</Filter>
    </ClInclude>
    <ClInclude Include="score.h">
      <Filter>ソース ファイル\Game\UI</Filter>
    </ClInclude>
    <ClInclude Include="UIBonus.h">
      <Filter>ソース ファイル\Game\UI</Filter>
    </ClInclude>
    <ClInclude Include="Game.h">
      <Filter>ソース ファイル\Scene</Filter>
    </ClInclude>
    <ClInclude Include="voicetank.h">
      <Filter>ソース ファイル\Game\UI</Filter>
    </ClInclude>
    <ClInclude Include="AimPointer.h">
      <Filter>ソース ファイル\Game\UI</Filter>
    </ClInclude>
    <ClInclude Include="MicTest.h">
      <Filter>ソース ファイル\Game</Filter>
    </ClInclude>
    <ClInclude Include="GamePause.h">
      <Filter>ソース ファイル\Game</Filter>
    </ClInclude>
    <ClInclude Include="enemyRE.h">
      <Filter>ソース ファイル\Game</Filter>
    </ClInclude>
    <ClInclude Include="Resultlogo.h">
      <Filter>ソース ファイル\Result</Filter>
    </ClInclude>
    <ClInclude Include="saveranking.h">
      <Filter>ソース ファイル\Result</Filter>
    </ClInclude>
    <ClInclude Include="StageManager.h">
      <Filter>ソース ファイル\Game</Filter>
    </ClInclude>
    <ClInclude Include="Library\MultiRendering.h">
      <Filter>Library</Filter>
    </ClInclude>
    <ClInclude Include="startcount.h">
      <Filter>ソース ファイル\Game\UI</Filter>
    </ClInclude>
    <ClInclude Include="finishcount.h">
      <Filter>ソース ファイル\Game\UI</Filter>
    </ClInclude>
    <ClInclude Include="VLauncher.h">
      <Filter>ソース ファイル\Game</Filter>
    </ClInclude>
    <ClInclude Include="FadeCurtain.h">
      <Filter>ソース ファイル\Game</Filter>
    </ClInclude>
    <ClInclude Include="GameSound.h">
      <Filter>ソース ファイル</Filter>
    </ClInclude>
    <ClInclude Include="S-Editor.h">
      <Filter>ソース ファイル</Filter>
    </ClInclude>
    <ClInclude Include="Library\Particle.h">
      <Filter>Library</Filter>
    </ClInclude>
    <ClInclude Include="UIEnergyTank.h">
      <Filter>ソース ファイル\Game\UI</Filter>
    </ClInclude>
  </ItemGroup>
  <ItemGroup>
    <Image Include="Icon.ico">
      <Filter>リソース ファイル</Filter>
    </Image>
  </ItemGroup>
  <ItemGroup>
    <ResourceCompile Include="ふぉるてっしも！.rc">
      <Filter>リソース ファイル</Filter>
    </ResourceCompile>
  </ItemGroup>
</Project>