<?xml version="1.0" encoding="utf-8"?>
<Project ToolsVersion="4.0" xmlns="http://schemas.microsoft.com/developer/msbuild/2003">
  <ItemGroup>
    <Filter Include="ソース ファイル">
      <UniqueIdentifier>{4FC737F1-C7A5-4376-A066-2A32D752A2FF}</UniqueIdentifier>
      <Extensions>cpp;c;cc;cxx;def;odl;idl;hpj;bat;asm;asmx</Extensions>
    </Filter>
    <Filter Include="ヘッダー ファイル">
      <UniqueIdentifier>{93995380-89BD-4b04-88EB-625FBE52EBFB}</UniqueIdentifier>
      <Extensions>h;hh;hpp;hxx;hm;inl;inc;xsd</Extensions>
    </Filter>
    <Filter Include="リソース ファイル">
      <UniqueIdentifier>{67DA6AB6-F800-4c08-8B7A-83BB121AAD01}</UniqueIdentifier>
      <Extensions>rc;ico;cur;bmp;dlg;rc2;rct;bin;rgs;gif;jpg;jpeg;jpe;resx;tiff;tif;png;wav;mfcribbon-ms</Extensions>
    </Filter>
    <Filter Include="Library">
      <UniqueIdentifier>{46eb7c4a-3345-48b3-afd3-3222b93889bb}</UniqueIdentifier>
    </Filter>
    <Filter Include="Scene">
      <UniqueIdentifier>{0cf99b4b-bc4f-479e-9740-924c34d88174}</UniqueIdentifier>
    </Filter>
    <Filter Include="Game">
      <UniqueIdentifier>{ad455c8f-5e8a-4564-8a87-d51c29161187}</UniqueIdentifier>
    </Filter>
    <Filter Include="ソース ファイル\work">
      <UniqueIdentifier>{e17f62df-ea3a-4e33-832f-e3b91401426e}</UniqueIdentifier>
    </Filter>
  </ItemGroup>
  <ItemGroup>
    <ClCompile Include="Library\Camera.cpp">
      <Filter>Library</Filter>
    </ClCompile>
    <ClCompile Include="Library\Common.cpp">
      <Filter>Library</Filter>
    </ClCompile>
    <ClCompile Include="Library\Counter.cpp">
      <Filter>Library</Filter>
    </ClCompile>
    <ClCompile Include="Library\DebugProcess.cpp">
      <Filter>Library</Filter>
    </ClCompile>
    <ClCompile Include="Library\Direct3D.cpp">
      <Filter>Library</Filter>
    </ClCompile>
    <ClCompile Include="Library\Fade.cpp">
      <Filter>Library</Filter>
    </ClCompile>
    <ClCompile Include="Library\FPSManager.cpp">
      <Filter>Library</Filter>
    </ClCompile>
    <ClCompile Include="Library\Input.cpp">
      <Filter>Library</Filter>
    </ClCompile>
    <ClCompile Include="Library\Light.cpp">
      <Filter>Library</Filter>
    </ClCompile>
    <ClCompile Include="Library\Loading.cpp">
      <Filter>Library</Filter>
    </ClCompile>
    <ClCompile Include="Library\ObjectBase2D.cpp">
      <Filter>Library</Filter>
    </ClCompile>
    <ClCompile Include="Library\ObjectBase3D.cpp">
      <Filter>Library</Filter>
    </ClCompile>
    <ClCompile Include="Library\Polygon.cpp">
      <Filter>Library</Filter>
    </ClCompile>
    <ClCompile Include="Library\Sound.cpp">
      <Filter>Library</Filter>
    </ClCompile>
    <ClCompile Include="Library\Texture.cpp">
      <Filter>Library</Filter>
    </ClCompile>
    <ClCompile Include="Library\TsuLibSystem.cpp">
      <Filter>Library</Filter>
    </ClCompile>
    <ClCompile Include="Library\Vector.cpp">
      <Filter>Library</Filter>
    </ClCompile>
    <ClCompile Include="Library\WindowClass.cpp">
      <Filter>Library</Filter>
    </ClCompile>
    <ClCompile Include="Main.cpp">
      <Filter>ソース ファイル</Filter>
    </ClCompile>
    <ClCompile Include="Result.cpp">
      <Filter>Scene</Filter>
    </ClCompile>
    <ClCompile Include="Title.cpp">
      <Filter>Scene</Filter>
    </ClCompile>
    <ClCompile Include="workUtsugi.cpp">
      <Filter>ソース ファイル\work</Filter>
    </ClCompile>
    <ClCompile Include="SceneManager.cpp">
      <Filter>ソース ファイル</Filter>
    </ClCompile>
    <ClCompile Include="workHagiwara.cpp">
      <Filter>ソース ファイル\work</Filter>
    </ClCompile>
    <ClCompile Include="workKimura.cpp">
      <Filter>ソース ファイル\work</Filter>
    </ClCompile>
    <ClCompile Include="workSato.cpp">
      <Filter>ソース ファイル\work</Filter>
    </ClCompile>
    <ClCompile Include="workSon.cpp">
      <Filter>ソース ファイル\work</Filter>
    </ClCompile>
    <ClCompile Include="workTsu.cpp">
      <Filter>ソース ファイル\work</Filter>
    </ClCompile>
    <ClCompile Include="workYamaguchi.cpp">
      <Filter>ソース ファイル\work</Filter>
    </ClCompile>
    <ClCompile Include="workYamamoto.cpp">
      <Filter>ソース ファイル\work</Filter>
    </ClCompile>
    <ClCompile Include="game.cpp">
      <Filter>Scene</Filter>
    </ClCompile>
  </ItemGroup>
  <ItemGroup>
    <ClInclude Include="Library\Camera.h">
      <Filter>Library</Filter>
    </ClInclude>
    <ClInclude Include="Library\Color.h">
      <Filter>Library</Filter>
    </ClInclude>
    <ClInclude Include="Library\Common.h">
      <Filter>Library</Filter>
    </ClInclude>
    <ClInclude Include="Library\Counter.h">
      <Filter>Library</Filter>
    </ClInclude>
    <ClInclude Include="Library\DebugProcess.h">
      <Filter>Library</Filter>
    </ClInclude>
    <ClInclude Include="Library\Direct3D.h">
      <Filter>Library</Filter>
    </ClInclude>
    <ClInclude Include="Library\Fade.h">
      <Filter>Library</Filter>
    </ClInclude>
    <ClInclude Include="Library\FPSManager.h">
      <Filter>Library</Filter>
    </ClInclude>
    <ClInclude Include="Library\Input.h">
      <Filter>Library</Filter>
    </ClInclude>
    <ClInclude Include="Library\Light.h">
      <Filter>Library</Filter>
    </ClInclude>
    <ClInclude Include="Library\Loading.h">
      <Filter>Library</Filter>
    </ClInclude>
    <ClInclude Include="Library\Math.h">
      <Filter>Library</Filter>
    </ClInclude>
    <ClInclude Include="Library\ObjectBase2D.h">
      <Filter>Library</Filter>
    </ClInclude>
    <ClInclude Include="Library\ObjectBase3D.h">
      <Filter>Library</Filter>
    </ClInclude>
    <ClInclude Include="Library\Polygon.h">
      <Filter>Library</Filter>
    </ClInclude>
    <ClInclude Include="Library\Sound.h">
      <Filter>Library</Filter>
    </ClInclude>
    <ClInclude Include="Library\Texture.h">
      <Filter>Library</Filter>
    </ClInclude>
    <ClInclude Include="Library\TsuLibSystem.h">
      <Filter>Library</Filter>
    </ClInclude>
    <ClInclude Include="Library\Vector.h">
      <Filter>Library</Filter>
    </ClInclude>
    <ClInclude Include="Library\WindowClass.h">
      <Filter>Library</Filter>
    </ClInclude>
    <ClInclude Include="Result.h">
      <Filter>Scene</Filter>
    </ClInclude>
    <ClInclude Include="Title.h">
      <Filter>Scene</Filter>
    </ClInclude>
    <ClInclude Include="workUtsugi.h">
      <Filter>ソース ファイル\work</Filter>
    </ClInclude>
    <ClInclude Include="SceneManager.h">
      <Filter>ヘッダー ファイル</Filter>
    </ClInclude>
    <ClInclude Include="workHagiwara.h">
      <Filter>ソース ファイル\work</Filter>
    </ClInclude>
    <ClInclude Include="workKimura.h">
      <Filter>ソース ファイル\work</Filter>
    </ClInclude>
    <ClInclude Include="workSato.h">
      <Filter>ソース ファイル\work</Filter>
    </ClInclude>
    <ClInclude Include="workSon.h">
      <Filter>ソース ファイル\work</Filter>
    </ClInclude>
    <ClInclude Include="workTsu.h">
      <Filter>ソース ファイル\work</Filter>
    </ClInclude>
    <ClInclude Include="workYamaguchi.h">
      <Filter>ソース ファイル\work</Filter>
    </ClInclude>
    <ClInclude Include="workYamamoto.h">
      <Filter>ソース ファイル\work</Filter>
    </ClInclude>
    <ClInclude Include="game.h">
      <Filter>Scene</Filter>
    </ClInclude>
  </ItemGroup>
</Project>